
Microsoft Visual Studio Solution File, Format Version 12.00
# Visual Studio Version 17
VisualStudioVersion = 17.13.35828.75
MinimumVisualStudioVersion = 10.0.40219.1
Project("{2150E333-8FDC-42A3-9474-1A3956D46DE8}") = "01_Core", "01_Core", "{02EA681E-C7D8-13C7-8484-4AC65E1B71E8}"
EndProject
Project("{2150E333-8FDC-42A3-9474-1A3956D46DE8}") = "02_Public", "02_Public", "{1E67A256-3C3B-4E1D-A736-F0CD12A56037}"
EndProject
Project("{2150E333-8FDC-42A3-9474-1A3956D46DE8}") = "03_WebApi", "03_WebApi", "{10E96F40-8F57-4766-8C2A-732C16F1F15E}"
EndProject
Project("{FAE04EC0-301F-11D3-BF4B-00C04F79EFBC}") = "QShirt.Persistence", "QShirt.Persistence\QShirt.Persistence.csproj", "{506F16D9-C855-484E-B9BC-89F4E9DB229A}"
EndProject
Project("{FAE04EC0-301F-11D3-BF4B-00C04F79EFBC}") = "QShirt.Public.Application", "QShirt.Public.Application\QShirt.Public.Application.csproj", "{6FB1908E-7F93-4BB6-8706-912DA40A4B21}"
EndProject
Project("{FAE04EC0-301F-11D3-BF4B-00C04F79EFBC}") = "QShirt.Public.Proxy", "QShirt.Public.Proxy\QShirt.Public.Proxy.csproj", "{D0E4CB39-E9C9-497C-BB5C-68F22FA0E86B}"
EndProject
Project("{FAE04EC0-301F-11D3-BF4B-00C04F79EFBC}") = "QShirt.ProxyGenerator", "QShirt.ProxyGenerator\QShirt.ProxyGenerator.csproj", "{1D43D4CF-8388-45E2-9322-37507E9769C4}"
EndProject
Project("{FAE04EC0-301F-11D3-BF4B-00C04F79EFBC}") = "QShirt.Domain", "QShirt.Domain\QShirt.Domain.csproj", "{7BB1CEBC-6792-BFA7-3A63-114A6CD3C512}"
EndProject
Project("{FAE04EC0-301F-11D3-BF4B-00C04F79EFBC}") = "QShirt.Public.Client", "QShirt.Public.Client\QShirt.Public.Client.csproj", "{43A5BDDC-F93E-8582-7BF1-67E4F8C21364}"
EndProject
Project("{FAE04EC0-301F-11D3-BF4B-00C04F79EFBC}") = "QShirt.WebApi", "QShirt.WebApi\QShirt.WebApi.csproj", "{C9594939-0423-4EF2-867A-D8A51403BE28}"
EndProject
Project("{FAE04EC0-301F-11D3-BF4B-00C04F79EFBC}") = "QShirt.Application", "QShirt.Application\QShirt.Application.csproj", "{FB7ACA9C-E243-4C35-BA08-D5E3CAEE6FCD}"
EndProject
Project("{FAE04EC0-301F-11D3-BF4B-00C04F79EFBC}") = "QShirt.Infrastructure", "QShirt.Infrastructure\QShirt.Infrastructure.csproj", "{ED33EF0F-771B-40F4-8108-D83BD6AE9B0F}"
EndProject
Project("{FAE04EC0-301F-11D3-BF4B-00C04F79EFBC}") = "QShirt.WebApi.Application", "QShirt.WebApi.Application\QShirt.WebApi.Application.csproj", "{F9549D74-C899-40EF-9D0C-74C00BC68BDA}"
EndProject
Project("{FAE04EC0-301F-11D3-BF4B-00C04F79EFBC}") = "QShirt.Public.Server", "QShirt.Public.Server\QShirt.Public.Server.csproj", "{287E5594-A981-43CB-8E69-76D68C65A149}"
EndProject
Global
	GlobalSection(SolutionConfigurationPlatforms) = preSolution
		Debug|Any CPU = Debug|Any CPU
		Release|Any CPU = Release|Any CPU
	EndGlobalSection
	GlobalSection(ProjectConfigurationPlatforms) = postSolution
		{506F16D9-C855-484E-B9BC-89F4E9DB229A}.Debug|Any CPU.ActiveCfg = Debug|Any CPU
		{506F16D9-C855-484E-B9BC-89F4E9DB229A}.Debug|Any CPU.Build.0 = Debug|Any CPU
		{506F16D9-C855-484E-B9BC-89F4E9DB229A}.Release|Any CPU.ActiveCfg = Release|Any CPU
		{506F16D9-C855-484E-B9BC-89F4E9DB229A}.Release|Any CPU.Build.0 = Release|Any CPU
		{6FB1908E-7F93-4BB6-8706-912DA40A4B21}.Debug|Any CPU.ActiveCfg = Debug|Any CPU
		{6FB1908E-7F93-4BB6-8706-912DA40A4B21}.Debug|Any CPU.Build.0 = Debug|Any CPU
		{6FB1908E-7F93-4BB6-8706-912DA40A4B21}.Release|Any CPU.ActiveCfg = Release|Any CPU
		{6FB1908E-7F93-4BB6-8706-912DA40A4B21}.Release|Any CPU.Build.0 = Release|Any CPU
		{D0E4CB39-E9C9-497C-BB5C-68F22FA0E86B}.Debug|Any CPU.ActiveCfg = Debug|Any CPU
		{D0E4CB39-E9C9-497C-BB5C-68F22FA0E86B}.Debug|Any CPU.Build.0 = Debug|Any CPU
		{D0E4CB39-E9C9-497C-BB5C-68F22FA0E86B}.Release|Any CPU.ActiveCfg = Release|Any CPU
		{D0E4CB39-E9C9-497C-BB5C-68F22FA0E86B}.Release|Any CPU.Build.0 = Release|Any CPU
		{1D43D4CF-8388-45E2-9322-37507E9769C4}.Debug|Any CPU.ActiveCfg = Debug|Any CPU
		{1D43D4CF-8388-45E2-9322-37507E9769C4}.Debug|Any CPU.Build.0 = Debug|Any CPU
		{1D43D4CF-8388-45E2-9322-37507E9769C4}.Release|Any CPU.ActiveCfg = Release|Any CPU
		{1D43D4CF-8388-45E2-9322-37507E9769C4}.Release|Any CPU.Build.0 = Release|Any CPU
		{7BB1CEBC-6792-BFA7-3A63-114A6CD3C512}.Debug|Any CPU.ActiveCfg = Debug|Any CPU
		{7BB1CEBC-6792-BFA7-3A63-114A6CD3C512}.Debug|Any CPU.Build.0 = Debug|Any CPU
		{7BB1CEBC-6792-BFA7-3A63-114A6CD3C512}.Release|Any CPU.ActiveCfg = Release|Any CPU
		{7BB1CEBC-6792-BFA7-3A63-114A6CD3C512}.Release|Any CPU.Build.0 = Release|Any CPU
		{43A5BDDC-F93E-8582-7BF1-67E4F8C21364}.Debug|Any CPU.ActiveCfg = Debug|Any CPU
		{43A5BDDC-F93E-8582-7BF1-67E4F8C21364}.Debug|Any CPU.Build.0 = Debug|Any CPU
		{43A5BDDC-F93E-8582-7BF1-67E4F8C21364}.Release|Any CPU.ActiveCfg = Release|Any CPU
		{43A5BDDC-F93E-8582-7BF1-67E4F8C21364}.Release|Any CPU.Build.0 = Release|Any CPU
		{C9594939-0423-4EF2-867A-D8A51403BE28}.Debug|Any CPU.ActiveCfg = Debug|Any CPU
		{C9594939-0423-4EF2-867A-D8A51403BE28}.Debug|Any CPU.Build.0 = Debug|Any CPU
		{C9594939-0423-4EF2-867A-D8A51403BE28}.Release|Any CPU.ActiveCfg = Release|Any CPU
		{C9594939-0423-4EF2-867A-D8A51403BE28}.Release|Any CPU.Build.0 = Release|Any CPU
		{FB7ACA9C-E243-4C35-BA08-D5E3CAEE6FCD}.Debug|Any CPU.ActiveCfg = Debug|Any CPU
		{FB7ACA9C-E243-4C35-BA08-D5E3CAEE6FCD}.Debug|Any CPU.Build.0 = Debug|Any CPU
		{FB7ACA9C-E243-4C35-BA08-D5E3CAEE6FCD}.Release|Any CPU.ActiveCfg = Release|Any CPU
		{FB7ACA9C-E243-4C35-BA08-D5E3CAEE6FCD}.Release|Any CPU.Build.0 = Release|Any CPU
		{ED33EF0F-771B-40F4-8108-D83BD6AE9B0F}.Debug|Any CPU.ActiveCfg = Debug|Any CPU
		{ED33EF0F-771B-40F4-8108-D83BD6AE9B0F}.Debug|Any CPU.Build.0 = Debug|Any CPU
		{ED33EF0F-771B-40F4-8108-D83BD6AE9B0F}.Release|Any CPU.ActiveCfg = Release|Any CPU
		{ED33EF0F-771B-40F4-8108-D83BD6AE9B0F}.Release|Any CPU.Build.0 = Release|Any CPU
		{F9549D74-C899-40EF-9D0C-74C00BC68BDA}.Debug|Any CPU.ActiveCfg = Debug|Any CPU
		{F9549D74-C899-40EF-9D0C-74C00BC68BDA}.Debug|Any CPU.Build.0 = Debug|Any CPU
		{F9549D74-C899-40EF-9D0C-74C00BC68BDA}.Release|Any CPU.ActiveCfg = Release|Any CPU
		{F9549D74-C899-40EF-9D0C-74C00BC68BDA}.Release|Any CPU.Build.0 = Release|Any CPU
		{287E5594-A981-43CB-8E69-76D68C65A149}.Debug|Any CPU.ActiveCfg = Debug|Any CPU
		{287E5594-A981-43CB-8E69-76D68C65A149}.Debug|Any CPU.Build.0 = Debug|Any CPU
		{287E5594-A981-43CB-8E69-76D68C65A149}.Release|Any CPU.ActiveCfg = Release|Any CPU
		{287E5594-A981-43CB-8E69-76D68C65A149}.Release|Any CPU.Build.0 = Release|Any CPU
	EndGlobalSection
	GlobalSection(SolutionProperties) = preSolution
		HideSolutionNode = FALSE
	EndGlobalSection
	GlobalSection(NestedProjects) = preSolution
		{506F16D9-C855-484E-B9BC-89F4E9DB229A} = {02EA681E-C7D8-13C7-8484-4AC65E1B71E8}
		{6FB1908E-7F93-4BB6-8706-912DA40A4B21} = {1E67A256-3C3B-4E1D-A736-F0CD12A56037}
		{D0E4CB39-E9C9-497C-BB5C-68F22FA0E86B} = {1E67A256-3C3B-4E1D-A736-F0CD12A56037}
		{7BB1CEBC-6792-BFA7-3A63-114A6CD3C512} = {02EA681E-C7D8-13C7-8484-4AC65E1B71E8}
		{43A5BDDC-F93E-8582-7BF1-67E4F8C21364} = {1E67A256-3C3B-4E1D-A736-F0CD12A56037}
		{C9594939-0423-4EF2-867A-D8A51403BE28} = {10E96F40-8F57-4766-8C2A-732C16F1F15E}
		{FB7ACA9C-E243-4C35-BA08-D5E3CAEE6FCD} = {02EA681E-C7D8-13C7-8484-4AC65E1B71E8}
		{ED33EF0F-771B-40F4-8108-D83BD6AE9B0F} = {02EA681E-C7D8-13C7-8484-4AC65E1B71E8}
		{F9549D74-C899-40EF-9D0C-74C00BC68BDA} = {10E96F40-8F57-4766-8C2A-732C16F1F15E}
		{287E5594-A981-43CB-8E69-76D68C65A149} = {1E67A256-3C3B-4E1D-A736-F0CD12A56037}
	EndGlobalSection
	GlobalSection(ExtensibilityGlobals) = postSolution
		SolutionGuid = {7A381CF1-04DC-4882-B764-B7B4D6D2BCA5}
	EndGlobalSection
EndGlobal
